# This file is autogenerated, do not edit; changes may be undone by the next 'dep ensure'.


[[projects]]
  name = "github.com/PaesslerAG/gval"
  packages = ["."]
  revision = "33e35c9999509128c21b3d92a705c64c4d30ca4a"
  version = "v0.1.0"

[[projects]]
  name = "github.com/PaesslerAG/jsonpath"
  packages = ["."]
  revision = "463a2332efd05b647446449e6f23f4459de63784"
  version = "v0.1.0"

[[projects]]
  branch = "master"
  name = "github.com/franela/goreq"
  packages = ["."]
  revision = "bcd34c9993f899273c74baaa95e15386cd97b6e7"

[[projects]]
  branch = "master"
  name = "github.com/xeipuuv/gojsonpointer"
  packages = ["."]
  revision = "4e3ac2762d5f479393488629ee9370b50873b3a6"

[[projects]]
  branch = "master"
  name = "github.com/xeipuuv/gojsonreference"
  packages = ["."]
  revision = "bd5ef7bd5415a7ac448318e64f11a24cd21e594b"

[[projects]]
  branch = "master"
  name = "github.com/xeipuuv/gojsonschema"
  packages = ["."]
  revision = "2c8e4be869c17540b336bab0ea18b8d73e6a28b7"

[solve-meta]
  analyzer-name = "dep"
  analyzer-version = 1
  inputs-digest = "c041b89e586f68639981a735f02b6d6decd74a1a1188e1e509e610e4c607f4f0"
  solver-name = "gps-cdcl"
  solver-version = 1
