# This file is autogenerated, do not edit; changes may be undone by the next 'dep ensure'.


[[projects]]
  digest = "1:1e80c7a49ab43d999810ec3d75443dd0ed1c0fd22d86aa542b4584bd9d79d284"
  name = "github.com/PaesslerAG/gval"
  packages = ["."]
  pruneopts = "UT"
  revision = "33e35c9999509128c21b3d92a705c64c4d30ca4a"
  version = "v0.1.0"

[[projects]]
  digest = "1:c6f2639af1664853e95e4de5efd2ee297512f1a8148919f37a6b30a46c37ac3c"
  name = "github.com/PaesslerAG/jsonpath"
  packages = ["."]
  pruneopts = "UT"
  revision = "463a2332efd05b647446449e6f23f4459de63784"
  version = "v0.1.0"

[[projects]]
  branch = "master"
  digest = "1:35ac403a135b8a138870950720be1f0399e0a48387d4b5cca841b0ed8cf7a40b"
  name = "github.com/buger/jsonparser"
  packages = ["."]
  pruneopts = "UT"
  revision = "2cac668e8456b4284edb0715e17e2af02d3ec993"

[[projects]]
  branch = "master"
  digest = "1:9f50f0543353c50296cc01fd8b623198799bc93d34ef3a32b410aa8386fc6e60"
  name = "github.com/franela/goreq"
  packages = ["."]
  pruneopts = "UT"
  revision = "bcd34c9993f899273c74baaa95e15386cd97b6e7"

[[projects]]
  digest = "1:5e73b34a27d827212102605789de00bd411b2e434812133c83935fe9897c75e1"
  name = "github.com/philhofer/fwd"
  packages = ["."]
  pruneopts = "UT"
  revision = "bb6d471dc95d4fe11e432687f8b70ff496cf3136"
  version = "v1.0.0"

[[projects]]
  digest = "1:b956373093d2d9b7274d9c562dad7c0ac4ef8078ad88f82148cbe899e5066b07"
  name = "github.com/tinylib/msgp"
  packages = [
    "gen",
    "msgp",
    "parse",
    "printer",
  ]
  pruneopts = "UT"
  revision = "f65876d3ea05943d6613bca6b8ed391843044bd4"

[[projects]]
  digest = "1:33092b366cfcc395fae86161d7caa4c7ffef4f93ee43113c1c1e28fc0dc71972"
  name = "github.com/ttacon/chalk"
  packages = ["."]
  pruneopts = "UT"
  revision = "76b3c8b611dea8f83e49e9ce81fc2b189e0ef3d2"
  version = "v0.1"

[[projects]]
  branch = "master"
  digest = "1:f4e5276a3b356f4692107047fd2890f2fe534f4feeb6b1fd2f6dfbd87f1ccf54"
  name = "github.com/xeipuuv/gojsonpointer"
  packages = ["."]
  pruneopts = "UT"
  revision = "4e3ac2762d5f479393488629ee9370b50873b3a6"

[[projects]]
  branch = "master"
  digest = "1:dc6a6c28ca45d38cfce9f7cb61681ee38c5b99ec1425339bfc1e1a7ba769c807"
  name = "github.com/xeipuuv/gojsonreference"
  packages = ["."]
  pruneopts = "UT"
  revision = "bd5ef7bd5415a7ac448318e64f11a24cd21e594b"

[[projects]]
  branch = "master"
  digest = "1:14f57b710c910950ddfa9804a18dc59e9bf4a44145152aa967849d7f7a4bfa08"
  name = "github.com/xeipuuv/gojsonschema"
  packages = ["."]
  pruneopts = "UT"
  revision = "2c8e4be869c17540b336bab0ea18b8d73e6a28b7"

[[projects]]
  branch = "master"
  digest = "1:45751dc3302c90ea55913674261b2d74286b05cdd8e3ae9606e02e4e77f4353f"
  name = "golang.org/x/tools"
  packages = [
    "go/ast/astutil",
    "imports",
    "internal/fastwalk",
  ]
  pruneopts = "UT"
  revision = "677d2ff680c188ddb7dcd2bfa6bc7d3f2f2f75b2"

[solve-meta]
  analyzer-name = "dep"
  analyzer-version = 1
  input-imports = [
    "github.com/PaesslerAG/jsonpath",
    "github.com/buger/jsonparser",
    "github.com/franela/goreq",
    "github.com/tinylib/msgp/gen",
    "github.com/tinylib/msgp/parse",
    "github.com/tinylib/msgp/printer",
    "github.com/xeipuuv/gojsonschema",
  ]
  solver-name = "gps-cdcl"
  solver-version = 1
